
Microsoft Visual Studio Solution File, Format Version 12.00
# Visual Studio Version 16
VisualStudioVersion = 16.0.31410.357
MinimumVisualStudioVersion = 10.0.40219.1
Project("{FAE04EC0-301F-11D3-BF4B-00C04F79EFBC}") = "7_Adapter", "7_Adapter\7_Adapter.csproj", "{12199E1A-16C3-4409-BA8A-EC1620809469}"
EndProject
Global
	GlobalSection(SolutionConfigurationPlatforms) = preSolution
		Debug|Any CPU = Debug|Any CPU
		Release|Any CPU = Release|Any CPU
	EndGlobalSection
	GlobalSection(ProjectConfigurationPlatforms) = postSolution
		{12199E1A-16C3-4409-BA8A-EC1620809469}.Debug|Any CPU.ActiveCfg = Debug|Any CPU
		{12199E1A-16C3-4409-BA8A-EC1620809469}.Debug|Any CPU.Build.0 = Debug|Any CPU
		{12199E1A-16C3-4409-BA8A-EC1620809469}.Release|Any CPU.ActiveCfg = Release|Any CPU
		{12199E1A-16C3-4409-BA8A-EC1620809469}.Release|Any CPU.Build.0 = Release|Any CPU
	EndGlobalSection
	GlobalSection(SolutionProperties) = preSolution
		HideSolutionNode = FALSE
	EndGlobalSection
	GlobalSection(ExtensibilityGlobals) = postSolution
		SolutionGuid = {E54CCC82-2A45-43D2-B489-999AD7FF4555}
	EndGlobalSection
EndGlobal
