
Microsoft Visual Studio Solution File, Format Version 12.00
# Visual Studio Version 17
VisualStudioVersion = 17.5.33414.496
MinimumVisualStudioVersion = 10.0.40219.1
Project("{FAE04EC0-301F-11D3-BF4B-00C04F79EFBC}") = "3_Потоки_и_файлы", "3_Потоки_и_файлы\3_Потоки_и_файлы.csproj", "{CBCFBB84-C43F-4A1F-BFBE-EE2E47D4C9E0}"
EndProject
Global
	GlobalSection(SolutionConfigurationPlatforms) = preSolution
		Debug|Any CPU = Debug|Any CPU
		Release|Any CPU = Release|Any CPU
	EndGlobalSection
	GlobalSection(ProjectConfigurationPlatforms) = postSolution
		{CBCFBB84-C43F-4A1F-BFBE-EE2E47D4C9E0}.Debug|Any CPU.ActiveCfg = Debug|Any CPU
		{CBCFBB84-C43F-4A1F-BFBE-EE2E47D4C9E0}.Debug|Any CPU.Build.0 = Debug|Any CPU
		{CBCFBB84-C43F-4A1F-BFBE-EE2E47D4C9E0}.Release|Any CPU.ActiveCfg = Release|Any CPU
		{CBCFBB84-C43F-4A1F-BFBE-EE2E47D4C9E0}.Release|Any CPU.Build.0 = Release|Any CPU
	EndGlobalSection
	GlobalSection(SolutionProperties) = preSolution
		HideSolutionNode = FALSE
	EndGlobalSection
	GlobalSection(ExtensibilityGlobals) = postSolution
		SolutionGuid = {51EC1D86-470E-46D4-AB59-49B69B45F50F}
	EndGlobalSection
EndGlobal
