
Microsoft Visual Studio Solution File, Format Version 12.00
# Visual Studio Version 16
VisualStudioVersion = 16.0.30406.217
MinimumVisualStudioVersion = 10.0.40219.1
Project("{FAE04EC0-301F-11D3-BF4B-00C04F79EFBC}") = "1_Переменные", "1_Переменные\1_Переменные.csproj", "{547BFE50-A6CA-41CE-990C-1B899E2CA0A3}"
EndProject
Global
	GlobalSection(SolutionConfigurationPlatforms) = preSolution
		Debug|Any CPU = Debug|Any CPU
		Release|Any CPU = Release|Any CPU
	EndGlobalSection
	GlobalSection(ProjectConfigurationPlatforms) = postSolution
		{547BFE50-A6CA-41CE-990C-1B899E2CA0A3}.Debug|Any CPU.ActiveCfg = Debug|Any CPU
		{547BFE50-A6CA-41CE-990C-1B899E2CA0A3}.Debug|Any CPU.Build.0 = Debug|Any CPU
		{547BFE50-A6CA-41CE-990C-1B899E2CA0A3}.Release|Any CPU.ActiveCfg = Release|Any CPU
		{547BFE50-A6CA-41CE-990C-1B899E2CA0A3}.Release|Any CPU.Build.0 = Release|Any CPU
	EndGlobalSection
	GlobalSection(SolutionProperties) = preSolution
		HideSolutionNode = FALSE
	EndGlobalSection
	GlobalSection(ExtensibilityGlobals) = postSolution
		SolutionGuid = {5E243B5A-16F5-457A-9CDA-4D9EBE3B9025}
	EndGlobalSection
EndGlobal
