
Microsoft Visual Studio Solution File, Format Version 12.00
# Visual Studio Version 17
VisualStudioVersion = 17.5.33414.496
MinimumVisualStudioVersion = 10.0.40219.1
Project("{FAE04EC0-301F-11D3-BF4B-00C04F79EFBC}") = "37_ВМ_ЛАБА_3", "37_ВМ_ЛАБА_3\37_ВМ_ЛАБА_3.csproj", "{6836ABA2-1CCB-47BB-B047-4EE6DDEDDC5E}"
EndProject
Global
	GlobalSection(SolutionConfigurationPlatforms) = preSolution
		Debug|Any CPU = Debug|Any CPU
		Release|Any CPU = Release|Any CPU
	EndGlobalSection
	GlobalSection(ProjectConfigurationPlatforms) = postSolution
		{6836ABA2-1CCB-47BB-B047-4EE6DDEDDC5E}.Debug|Any CPU.ActiveCfg = Debug|Any CPU
		{6836ABA2-1CCB-47BB-B047-4EE6DDEDDC5E}.Debug|Any CPU.Build.0 = Debug|Any CPU
		{6836ABA2-1CCB-47BB-B047-4EE6DDEDDC5E}.Release|Any CPU.ActiveCfg = Release|Any CPU
		{6836ABA2-1CCB-47BB-B047-4EE6DDEDDC5E}.Release|Any CPU.Build.0 = Release|Any CPU
	EndGlobalSection
	GlobalSection(SolutionProperties) = preSolution
		HideSolutionNode = FALSE
	EndGlobalSection
	GlobalSection(ExtensibilityGlobals) = postSolution
		SolutionGuid = {4E92B977-647E-470F-80DF-28A866C666CC}
	EndGlobalSection
EndGlobal
