
Microsoft Visual Studio Solution File, Format Version 12.00
# Visual Studio Version 16
VisualStudioVersion = 16.0.30611.23
MinimumVisualStudioVersion = 10.0.40219.1
Project("{FAE04EC0-301F-11D3-BF4B-00C04F79EFBC}") = "8_Статические_файлы", "8_Статические_файлы\8_Статические_файлы.csproj", "{9417968B-7DDF-4C88-A77C-6DA4AB853D1A}"
EndProject
Global
	GlobalSection(SolutionConfigurationPlatforms) = preSolution
		Debug|Any CPU = Debug|Any CPU
		Release|Any CPU = Release|Any CPU
	EndGlobalSection
	GlobalSection(ProjectConfigurationPlatforms) = postSolution
		{9417968B-7DDF-4C88-A77C-6DA4AB853D1A}.Debug|Any CPU.ActiveCfg = Debug|Any CPU
		{9417968B-7DDF-4C88-A77C-6DA4AB853D1A}.Debug|Any CPU.Build.0 = Debug|Any CPU
		{9417968B-7DDF-4C88-A77C-6DA4AB853D1A}.Release|Any CPU.ActiveCfg = Release|Any CPU
		{9417968B-7DDF-4C88-A77C-6DA4AB853D1A}.Release|Any CPU.Build.0 = Release|Any CPU
	EndGlobalSection
	GlobalSection(SolutionProperties) = preSolution
		HideSolutionNode = FALSE
	EndGlobalSection
	GlobalSection(ExtensibilityGlobals) = postSolution
		SolutionGuid = {5651D0B6-C1FD-4FB5-ABA1-4EBA218381B4}
	EndGlobalSection
EndGlobal
