
Microsoft Visual Studio Solution File, Format Version 12.00
# 
VisualStudioVersion = 15.0.28307.421
MinimumVisualStudioVersion = 10.0.40219.1
Global
	GlobalSection(SolutionProperties) = preSolution
		HideSolutionNode = FALSE
	EndGlobalSection
	GlobalSection(ExtensibilityGlobals) = postSolution
		SolutionGuid = {190B7C2C-E93D-4DC8-8BE9-F4E89472A54C}
	EndGlobalSection
EndGlobal
