
Microsoft Visual Studio Solution File, Format Version 12.00
# Visual Studio Version 16
VisualStudioVersion = 16.0.30611.23
MinimumVisualStudioVersion = 10.0.40219.1
Project("{FAE04EC0-301F-11D3-BF4B-00C04F79EFBC}") = "3_Метод_Run", "3_Метод_Run\3_Метод_Run.csproj", "{6E3CB9AD-4EFF-4C06-A1DD-9A30D6D0DA6C}"
EndProject
Global
	GlobalSection(SolutionConfigurationPlatforms) = preSolution
		Debug|Any CPU = Debug|Any CPU
		Release|Any CPU = Release|Any CPU
	EndGlobalSection
	GlobalSection(ProjectConfigurationPlatforms) = postSolution
		{6E3CB9AD-4EFF-4C06-A1DD-9A30D6D0DA6C}.Debug|Any CPU.ActiveCfg = Debug|Any CPU
		{6E3CB9AD-4EFF-4C06-A1DD-9A30D6D0DA6C}.Debug|Any CPU.Build.0 = Debug|Any CPU
		{6E3CB9AD-4EFF-4C06-A1DD-9A30D6D0DA6C}.Release|Any CPU.ActiveCfg = Release|Any CPU
		{6E3CB9AD-4EFF-4C06-A1DD-9A30D6D0DA6C}.Release|Any CPU.Build.0 = Release|Any CPU
	EndGlobalSection
	GlobalSection(SolutionProperties) = preSolution
		HideSolutionNode = FALSE
	EndGlobalSection
	GlobalSection(ExtensibilityGlobals) = postSolution
		SolutionGuid = {2D0D64AD-B043-44AF-8225-9B9EC7F1ACF4}
	EndGlobalSection
EndGlobal
