
Microsoft Visual Studio Solution File, Format Version 12.00
# Visual Studio Version 17
VisualStudioVersion = 17.5.33414.496
MinimumVisualStudioVersion = 10.0.40219.1
Project("{FAE04EC0-301F-11D3-BF4B-00C04F79EFBC}") = "39_NetworkDriver", "39_NetworkDriver\39_NetworkDriver.csproj", "{7EA2682D-CBF9-442B-AFFD-892E1ED4C830}"
EndProject
Global
	GlobalSection(SolutionConfigurationPlatforms) = preSolution
		Debug|Any CPU = Debug|Any CPU
		Release|Any CPU = Release|Any CPU
	EndGlobalSection
	GlobalSection(ProjectConfigurationPlatforms) = postSolution
		{7EA2682D-CBF9-442B-AFFD-892E1ED4C830}.Debug|Any CPU.ActiveCfg = Debug|Any CPU
		{7EA2682D-CBF9-442B-AFFD-892E1ED4C830}.Debug|Any CPU.Build.0 = Debug|Any CPU
		{7EA2682D-CBF9-442B-AFFD-892E1ED4C830}.Release|Any CPU.ActiveCfg = Release|Any CPU
		{7EA2682D-CBF9-442B-AFFD-892E1ED4C830}.Release|Any CPU.Build.0 = Release|Any CPU
	EndGlobalSection
	GlobalSection(SolutionProperties) = preSolution
		HideSolutionNode = FALSE
	EndGlobalSection
	GlobalSection(ExtensibilityGlobals) = postSolution
		SolutionGuid = {39C9FEF2-5B04-48E9-8170-2DC29284E82C}
	EndGlobalSection
EndGlobal
