
Microsoft Visual Studio Solution File, Format Version 12.00
# Visual Studio Version 16
VisualStudioVersion = 16.0.30406.217
MinimumVisualStudioVersion = 10.0.40219.1
Project("{FAE04EC0-301F-11D3-BF4B-00C04F79EFBC}") = "4_Shop", "4_Shop\4_Shop.csproj", "{392A6CDD-22F2-467B-B199-141341BA5F2E}"
EndProject
Global
	GlobalSection(SolutionConfigurationPlatforms) = preSolution
		Debug|Any CPU = Debug|Any CPU
		Release|Any CPU = Release|Any CPU
	EndGlobalSection
	GlobalSection(ProjectConfigurationPlatforms) = postSolution
		{392A6CDD-22F2-467B-B199-141341BA5F2E}.Debug|Any CPU.ActiveCfg = Debug|Any CPU
		{392A6CDD-22F2-467B-B199-141341BA5F2E}.Debug|Any CPU.Build.0 = Debug|Any CPU
		{392A6CDD-22F2-467B-B199-141341BA5F2E}.Release|Any CPU.ActiveCfg = Release|Any CPU
		{392A6CDD-22F2-467B-B199-141341BA5F2E}.Release|Any CPU.Build.0 = Release|Any CPU
	EndGlobalSection
	GlobalSection(SolutionProperties) = preSolution
		HideSolutionNode = FALSE
	EndGlobalSection
	GlobalSection(ExtensibilityGlobals) = postSolution
		SolutionGuid = {F48CD3CB-D5D9-4B97-9956-A15981C72F29}
	EndGlobalSection
EndGlobal
