
Microsoft Visual Studio Solution File, Format Version 12.00
# Visual Studio Version 17
VisualStudioVersion = 17.5.33414.496
MinimumVisualStudioVersion = 10.0.40219.1
Project("{FAE04EC0-301F-11D3-BF4B-00C04F79EFBC}") = "4_Асинхронность_и_многопоточность", "4_Асинхронность_и_многопоточность\4_Асинхронность_и_многопоточность.csproj", "{057110DB-E836-4794-B41C-6D2E84DC5F98}"
EndProject
Global
	GlobalSection(SolutionConfigurationPlatforms) = preSolution
		Debug|Any CPU = Debug|Any CPU
		Release|Any CPU = Release|Any CPU
	EndGlobalSection
	GlobalSection(ProjectConfigurationPlatforms) = postSolution
		{057110DB-E836-4794-B41C-6D2E84DC5F98}.Debug|Any CPU.ActiveCfg = Debug|Any CPU
		{057110DB-E836-4794-B41C-6D2E84DC5F98}.Debug|Any CPU.Build.0 = Debug|Any CPU
		{057110DB-E836-4794-B41C-6D2E84DC5F98}.Release|Any CPU.ActiveCfg = Release|Any CPU
		{057110DB-E836-4794-B41C-6D2E84DC5F98}.Release|Any CPU.Build.0 = Release|Any CPU
	EndGlobalSection
	GlobalSection(SolutionProperties) = preSolution
		HideSolutionNode = FALSE
	EndGlobalSection
	GlobalSection(ExtensibilityGlobals) = postSolution
		SolutionGuid = {65F5AA96-5C9C-4FF7-9EE2-59E216862775}
	EndGlobalSection
EndGlobal
