
Microsoft Visual Studio Solution File, Format Version 12.00
# Visual Studio Version 16
VisualStudioVersion = 16.0.30406.217
MinimumVisualStudioVersion = 10.0.40219.1
Project("{FAE04EC0-301F-11D3-BF4B-00C04F79EFBC}") = "16_Gokhlia_Money", "16_Gokhlia_Money\16_Gokhlia_Money.csproj", "{8B241110-A7B1-4EB9-81EC-4A299C1EB395}"
EndProject
Global
	GlobalSection(SolutionConfigurationPlatforms) = preSolution
		Debug|Any CPU = Debug|Any CPU
		Release|Any CPU = Release|Any CPU
	EndGlobalSection
	GlobalSection(ProjectConfigurationPlatforms) = postSolution
		{8B241110-A7B1-4EB9-81EC-4A299C1EB395}.Debug|Any CPU.ActiveCfg = Debug|Any CPU
		{8B241110-A7B1-4EB9-81EC-4A299C1EB395}.Debug|Any CPU.Build.0 = Debug|Any CPU
		{8B241110-A7B1-4EB9-81EC-4A299C1EB395}.Release|Any CPU.ActiveCfg = Release|Any CPU
		{8B241110-A7B1-4EB9-81EC-4A299C1EB395}.Release|Any CPU.Build.0 = Release|Any CPU
	EndGlobalSection
	GlobalSection(SolutionProperties) = preSolution
		HideSolutionNode = FALSE
	EndGlobalSection
	GlobalSection(ExtensibilityGlobals) = postSolution
		SolutionGuid = {2833BD10-D7FB-4876-9ECD-6F390FF027A6}
	EndGlobalSection
EndGlobal
