
Microsoft Visual Studio Solution File, Format Version 12.00
# Visual Studio Version 17
VisualStudioVersion = 17.5.33414.496
MinimumVisualStudioVersion = 10.0.40219.1
Project("{FAE04EC0-301F-11D3-BF4B-00C04F79EFBC}") = "test", "test\test.csproj", "{29949CE6-DA30-4224-81F8-85F2CC7A29D0}"
EndProject
Global
	GlobalSection(SolutionConfigurationPlatforms) = preSolution
		Debug|Any CPU = Debug|Any CPU
		Release|Any CPU = Release|Any CPU
	EndGlobalSection
	GlobalSection(ProjectConfigurationPlatforms) = postSolution
		{29949CE6-DA30-4224-81F8-85F2CC7A29D0}.Debug|Any CPU.ActiveCfg = Debug|Any CPU
		{29949CE6-DA30-4224-81F8-85F2CC7A29D0}.Debug|Any CPU.Build.0 = Debug|Any CPU
		{29949CE6-DA30-4224-81F8-85F2CC7A29D0}.Release|Any CPU.ActiveCfg = Release|Any CPU
		{29949CE6-DA30-4224-81F8-85F2CC7A29D0}.Release|Any CPU.Build.0 = Release|Any CPU
	EndGlobalSection
	GlobalSection(SolutionProperties) = preSolution
		HideSolutionNode = FALSE
	EndGlobalSection
	GlobalSection(ExtensibilityGlobals) = postSolution
		SolutionGuid = {95D195B9-7734-48AD-A40A-059D849580D8}
	EndGlobalSection
EndGlobal
