
Microsoft Visual Studio Solution File, Format Version 12.00
# Visual Studio Version 16
VisualStudioVersion = 16.0.31410.357
MinimumVisualStudioVersion = 10.0.40219.1
Project("{FAE04EC0-301F-11D3-BF4B-00C04F79EFBC}") = "23_PongoClicker", "23_PongoClicker\23_PongoClicker.csproj", "{A1F6CF14-8B8F-45DE-B43E-7631F5CD0037}"
EndProject
Global
	GlobalSection(SolutionConfigurationPlatforms) = preSolution
		Debug|Any CPU = Debug|Any CPU
		Release|Any CPU = Release|Any CPU
	EndGlobalSection
	GlobalSection(ProjectConfigurationPlatforms) = postSolution
		{A1F6CF14-8B8F-45DE-B43E-7631F5CD0037}.Debug|Any CPU.ActiveCfg = Debug|Any CPU
		{A1F6CF14-8B8F-45DE-B43E-7631F5CD0037}.Debug|Any CPU.Build.0 = Debug|Any CPU
		{A1F6CF14-8B8F-45DE-B43E-7631F5CD0037}.Release|Any CPU.ActiveCfg = Release|Any CPU
		{A1F6CF14-8B8F-45DE-B43E-7631F5CD0037}.Release|Any CPU.Build.0 = Release|Any CPU
	EndGlobalSection
	GlobalSection(SolutionProperties) = preSolution
		HideSolutionNode = FALSE
	EndGlobalSection
	GlobalSection(ExtensibilityGlobals) = postSolution
		SolutionGuid = {C0088689-F2A2-40B3-8A19-7153BDCBF844}
	EndGlobalSection
EndGlobal
