
Microsoft Visual Studio Solution File, Format Version 12.00
# Visual Studio Version 16
VisualStudioVersion = 16.0.30406.217
MinimumVisualStudioVersion = 10.0.40219.1
Project("{FAE04EC0-301F-11D3-BF4B-00C04F79EFBC}") = "TestClient", "TestClient\TestClient.csproj", "{519D26BF-50A7-4E5C-BBC8-35ED503B926B}"
EndProject
Project("{FAE04EC0-301F-11D3-BF4B-00C04F79EFBC}") = "TestServer", "TestServer\TestServer.csproj", "{779218D9-6B78-485B-84FA-937F02CBDE28}"
EndProject
Global
	GlobalSection(SolutionConfigurationPlatforms) = preSolution
		Debug|Any CPU = Debug|Any CPU
		Release|Any CPU = Release|Any CPU
	EndGlobalSection
	GlobalSection(ProjectConfigurationPlatforms) = postSolution
		{519D26BF-50A7-4E5C-BBC8-35ED503B926B}.Debug|Any CPU.ActiveCfg = Debug|Any CPU
		{519D26BF-50A7-4E5C-BBC8-35ED503B926B}.Debug|Any CPU.Build.0 = Debug|Any CPU
		{519D26BF-50A7-4E5C-BBC8-35ED503B926B}.Release|Any CPU.ActiveCfg = Release|Any CPU
		{519D26BF-50A7-4E5C-BBC8-35ED503B926B}.Release|Any CPU.Build.0 = Release|Any CPU
		{779218D9-6B78-485B-84FA-937F02CBDE28}.Debug|Any CPU.ActiveCfg = Debug|Any CPU
		{779218D9-6B78-485B-84FA-937F02CBDE28}.Debug|Any CPU.Build.0 = Debug|Any CPU
		{779218D9-6B78-485B-84FA-937F02CBDE28}.Release|Any CPU.ActiveCfg = Release|Any CPU
		{779218D9-6B78-485B-84FA-937F02CBDE28}.Release|Any CPU.Build.0 = Release|Any CPU
	EndGlobalSection
	GlobalSection(SolutionProperties) = preSolution
		HideSolutionNode = FALSE
	EndGlobalSection
	GlobalSection(ExtensibilityGlobals) = postSolution
		SolutionGuid = {115492AF-5BF9-4EB2-B997-67CBE772CF22}
	EndGlobalSection
EndGlobal
