
Microsoft Visual Studio Solution File, Format Version 12.00
# Visual Studio Version 16
VisualStudioVersion = 16.0.30611.23
MinimumVisualStudioVersion = 10.0.40219.1
Project("{FAE04EC0-301F-11D3-BF4B-00C04F79EFBC}") = "2_Обработка_запросов", "2_Обработка_запросов\2_Обработка_запросов.csproj", "{DA24ED7D-4752-4D55-8221-79ABFE4DFFF4}"
EndProject
Global
	GlobalSection(SolutionConfigurationPlatforms) = preSolution
		Debug|Any CPU = Debug|Any CPU
		Release|Any CPU = Release|Any CPU
	EndGlobalSection
	GlobalSection(ProjectConfigurationPlatforms) = postSolution
		{DA24ED7D-4752-4D55-8221-79ABFE4DFFF4}.Debug|Any CPU.ActiveCfg = Debug|Any CPU
		{DA24ED7D-4752-4D55-8221-79ABFE4DFFF4}.Debug|Any CPU.Build.0 = Debug|Any CPU
		{DA24ED7D-4752-4D55-8221-79ABFE4DFFF4}.Release|Any CPU.ActiveCfg = Release|Any CPU
		{DA24ED7D-4752-4D55-8221-79ABFE4DFFF4}.Release|Any CPU.Build.0 = Release|Any CPU
	EndGlobalSection
	GlobalSection(SolutionProperties) = preSolution
		HideSolutionNode = FALSE
	EndGlobalSection
	GlobalSection(ExtensibilityGlobals) = postSolution
		SolutionGuid = {6E7016D8-CC19-4B6E-A20F-2FBE111EBA55}
	EndGlobalSection
EndGlobal
