
Microsoft Visual Studio Solution File, Format Version 12.00
# Visual Studio Version 17
VisualStudioVersion = 17.5.33414.496
MinimumVisualStudioVersion = 10.0.40219.1
Project("{FAE04EC0-301F-11D3-BF4B-00C04F79EFBC}") = "31_PostMachine", "31_PostMachine\31_PostMachine.csproj", "{599430BA-BFBB-4EE4-AC9E-6C768CDE5E72}"
EndProject
Global
	GlobalSection(SolutionConfigurationPlatforms) = preSolution
		Debug|Any CPU = Debug|Any CPU
		Release|Any CPU = Release|Any CPU
	EndGlobalSection
	GlobalSection(ProjectConfigurationPlatforms) = postSolution
		{599430BA-BFBB-4EE4-AC9E-6C768CDE5E72}.Debug|Any CPU.ActiveCfg = Debug|Any CPU
		{599430BA-BFBB-4EE4-AC9E-6C768CDE5E72}.Debug|Any CPU.Build.0 = Debug|Any CPU
		{599430BA-BFBB-4EE4-AC9E-6C768CDE5E72}.Release|Any CPU.ActiveCfg = Release|Any CPU
		{599430BA-BFBB-4EE4-AC9E-6C768CDE5E72}.Release|Any CPU.Build.0 = Release|Any CPU
	EndGlobalSection
	GlobalSection(SolutionProperties) = preSolution
		HideSolutionNode = FALSE
	EndGlobalSection
	GlobalSection(ExtensibilityGlobals) = postSolution
		SolutionGuid = {53E1AA75-2B87-4842-8D6F-AE2443D86CC4}
	EndGlobalSection
EndGlobal
