
Microsoft Visual Studio Solution File, Format Version 12.00
# Visual Studio Version 17
VisualStudioVersion = 17.5.33414.496
MinimumVisualStudioVersion = 10.0.40219.1
Project("{FAE04EC0-301F-11D3-BF4B-00C04F79EFBC}") = "SirvIces", "SirvIces\SirvIces.csproj", "{E69F51D1-B93D-43F7-AE50-8FC3264CFB8A}"
EndProject
Global
	GlobalSection(SolutionConfigurationPlatforms) = preSolution
		Debug|Any CPU = Debug|Any CPU
		Release|Any CPU = Release|Any CPU
	EndGlobalSection
	GlobalSection(ProjectConfigurationPlatforms) = postSolution
		{E69F51D1-B93D-43F7-AE50-8FC3264CFB8A}.Debug|Any CPU.ActiveCfg = Debug|Any CPU
		{E69F51D1-B93D-43F7-AE50-8FC3264CFB8A}.Debug|Any CPU.Build.0 = Debug|Any CPU
		{E69F51D1-B93D-43F7-AE50-8FC3264CFB8A}.Release|Any CPU.ActiveCfg = Release|Any CPU
		{E69F51D1-B93D-43F7-AE50-8FC3264CFB8A}.Release|Any CPU.Build.0 = Release|Any CPU
	EndGlobalSection
	GlobalSection(SolutionProperties) = preSolution
		HideSolutionNode = FALSE
	EndGlobalSection
	GlobalSection(ExtensibilityGlobals) = postSolution
		SolutionGuid = {34F0C038-C965-404D-B004-36CF3E467E8F}
	EndGlobalSection
EndGlobal
