
Microsoft Visual Studio Solution File, Format Version 12.00
# Visual Studio Version 16
VisualStudioVersion = 16.0.31410.357
MinimumVisualStudioVersion = 10.0.40219.1
Project("{FAE04EC0-301F-11D3-BF4B-00C04F79EFBC}") = "WindowsFormsApp1", "WindowsFormsApp1\WindowsFormsApp1.csproj", "{DC11D88C-A876-4C72-90B9-E3062FF0C4B1}"
EndProject
Global
	GlobalSection(SolutionConfigurationPlatforms) = preSolution
		Debug|Any CPU = Debug|Any CPU
		Release|Any CPU = Release|Any CPU
	EndGlobalSection
	GlobalSection(ProjectConfigurationPlatforms) = postSolution
		{DC11D88C-A876-4C72-90B9-E3062FF0C4B1}.Debug|Any CPU.ActiveCfg = Debug|Any CPU
		{DC11D88C-A876-4C72-90B9-E3062FF0C4B1}.Debug|Any CPU.Build.0 = Debug|Any CPU
		{DC11D88C-A876-4C72-90B9-E3062FF0C4B1}.Release|Any CPU.ActiveCfg = Release|Any CPU
		{DC11D88C-A876-4C72-90B9-E3062FF0C4B1}.Release|Any CPU.Build.0 = Release|Any CPU
	EndGlobalSection
	GlobalSection(SolutionProperties) = preSolution
		HideSolutionNode = FALSE
	EndGlobalSection
	GlobalSection(ExtensibilityGlobals) = postSolution
		SolutionGuid = {56F83BF7-D723-41F4-B753-4E8A58119301}
	EndGlobalSection
EndGlobal
