
Microsoft Visual Studio Solution File, Format Version 12.00
# Visual Studio Version 16
VisualStudioVersion = 16.0.30406.217
MinimumVisualStudioVersion = 10.0.40219.1
Project("{FAE04EC0-301F-11D3-BF4B-00C04F79EFBC}") = "18_exaptionPacush", "18_exaptionPacush\18_exaptionPacush.csproj", "{DA214A9C-E04F-4C3D-9C70-A6D5658237B2}"
EndProject
Global
	GlobalSection(SolutionConfigurationPlatforms) = preSolution
		Debug|Any CPU = Debug|Any CPU
		Release|Any CPU = Release|Any CPU
	EndGlobalSection
	GlobalSection(ProjectConfigurationPlatforms) = postSolution
		{DA214A9C-E04F-4C3D-9C70-A6D5658237B2}.Debug|Any CPU.ActiveCfg = Debug|Any CPU
		{DA214A9C-E04F-4C3D-9C70-A6D5658237B2}.Debug|Any CPU.Build.0 = Debug|Any CPU
		{DA214A9C-E04F-4C3D-9C70-A6D5658237B2}.Release|Any CPU.ActiveCfg = Release|Any CPU
		{DA214A9C-E04F-4C3D-9C70-A6D5658237B2}.Release|Any CPU.Build.0 = Release|Any CPU
	EndGlobalSection
	GlobalSection(SolutionProperties) = preSolution
		HideSolutionNode = FALSE
	EndGlobalSection
	GlobalSection(ExtensibilityGlobals) = postSolution
		SolutionGuid = {FA4E87C3-D5E8-4E9B-AF43-0BE39433FF3C}
	EndGlobalSection
EndGlobal
