
Microsoft Visual Studio Solution File, Format Version 12.00
# Visual Studio Version 17
VisualStudioVersion = 17.5.33414.496
MinimumVisualStudioVersion = 10.0.40219.1
Project("{FAE04EC0-301F-11D3-BF4B-00C04F79EFBC}") = "34_Курсач_1", "34_Курсач_1\34_Курсач_1.csproj", "{DB85D852-1AD8-4825-BA56-0580883C615F}"
EndProject
Global
	GlobalSection(SolutionConfigurationPlatforms) = preSolution
		Debug|Any CPU = Debug|Any CPU
		Release|Any CPU = Release|Any CPU
	EndGlobalSection
	GlobalSection(ProjectConfigurationPlatforms) = postSolution
		{DB85D852-1AD8-4825-BA56-0580883C615F}.Debug|Any CPU.ActiveCfg = Debug|Any CPU
		{DB85D852-1AD8-4825-BA56-0580883C615F}.Debug|Any CPU.Build.0 = Debug|Any CPU
		{DB85D852-1AD8-4825-BA56-0580883C615F}.Release|Any CPU.ActiveCfg = Release|Any CPU
		{DB85D852-1AD8-4825-BA56-0580883C615F}.Release|Any CPU.Build.0 = Release|Any CPU
	EndGlobalSection
	GlobalSection(SolutionProperties) = preSolution
		HideSolutionNode = FALSE
	EndGlobalSection
	GlobalSection(ExtensibilityGlobals) = postSolution
		SolutionGuid = {5E1E1C29-C3E8-45BA-A2FB-86E117D72F9C}
	EndGlobalSection
EndGlobal
