
Microsoft Visual Studio Solution File, Format Version 12.00
# 
VisualStudioVersion = 15.0.28307.421
MinimumVisualStudioVersion = 10.0.40219.1
Global
	GlobalSection(SolutionProperties) = preSolution
		HideSolutionNode = FALSE
	EndGlobalSection
	GlobalSection(ExtensibilityGlobals) = postSolution
		SolutionGuid = {9AAFAB66-C671-465F-B687-7A0924F5268E}
	EndGlobalSection
EndGlobal
