
Microsoft Visual Studio Solution File, Format Version 12.00
# Visual Studio Version 17
VisualStudioVersion = 17.5.33414.496
MinimumVisualStudioVersion = 10.0.40219.1
Project("{FAE04EC0-301F-11D3-BF4B-00C04F79EFBC}") = "30_BooruParser", "30_BooruParser\30_BooruParser.csproj", "{D08BE989-8C07-4E6D-8FAD-9871241CD66D}"
EndProject
Global
	GlobalSection(SolutionConfigurationPlatforms) = preSolution
		Debug|Any CPU = Debug|Any CPU
		Release|Any CPU = Release|Any CPU
	EndGlobalSection
	GlobalSection(ProjectConfigurationPlatforms) = postSolution
		{D08BE989-8C07-4E6D-8FAD-9871241CD66D}.Debug|Any CPU.ActiveCfg = Debug|Any CPU
		{D08BE989-8C07-4E6D-8FAD-9871241CD66D}.Debug|Any CPU.Build.0 = Debug|Any CPU
		{D08BE989-8C07-4E6D-8FAD-9871241CD66D}.Release|Any CPU.ActiveCfg = Release|Any CPU
		{D08BE989-8C07-4E6D-8FAD-9871241CD66D}.Release|Any CPU.Build.0 = Release|Any CPU
	EndGlobalSection
	GlobalSection(SolutionProperties) = preSolution
		HideSolutionNode = FALSE
	EndGlobalSection
	GlobalSection(ExtensibilityGlobals) = postSolution
		SolutionGuid = {22E5EE9B-AF76-4BC8-B77F-78B3B1E9B6A8}
	EndGlobalSection
EndGlobal
