
Microsoft Visual Studio Solution File, Format Version 12.00
# Visual Studio Version 16
VisualStudioVersion = 16.0.30406.217
MinimumVisualStudioVersion = 10.0.40219.1
Project("{FAE04EC0-301F-11D3-BF4B-00C04F79EFBC}") = "1_Начало_работы", "1_Начало_работы\1_Начало_работы.csproj", "{D2E912D3-B7AF-4879-8040-B65CC4339422}"
EndProject
Global
	GlobalSection(SolutionConfigurationPlatforms) = preSolution
		Debug|Any CPU = Debug|Any CPU
		Release|Any CPU = Release|Any CPU
	EndGlobalSection
	GlobalSection(ProjectConfigurationPlatforms) = postSolution
		{D2E912D3-B7AF-4879-8040-B65CC4339422}.Debug|Any CPU.ActiveCfg = Debug|Any CPU
		{D2E912D3-B7AF-4879-8040-B65CC4339422}.Debug|Any CPU.Build.0 = Debug|Any CPU
		{D2E912D3-B7AF-4879-8040-B65CC4339422}.Release|Any CPU.ActiveCfg = Release|Any CPU
		{D2E912D3-B7AF-4879-8040-B65CC4339422}.Release|Any CPU.Build.0 = Release|Any CPU
	EndGlobalSection
	GlobalSection(SolutionProperties) = preSolution
		HideSolutionNode = FALSE
	EndGlobalSection
	GlobalSection(ExtensibilityGlobals) = postSolution
		SolutionGuid = {852C2245-1295-4210-B9B1-16AB692A42D9}
	EndGlobalSection
EndGlobal
