
Microsoft Visual Studio Solution File, Format Version 12.00
# Visual Studio Version 16
VisualStudioVersion = 16.0.31410.357
MinimumVisualStudioVersion = 10.0.40219.1
Project("{FAE04EC0-301F-11D3-BF4B-00C04F79EFBC}") = "9_Обработка_ошибок", "9_Обработка_ошибок\9_Обработка_ошибок.csproj", "{617CCE36-28A0-49CC-BE3B-E01B789DB983}"
EndProject
Global
	GlobalSection(SolutionConfigurationPlatforms) = preSolution
		Debug|Any CPU = Debug|Any CPU
		Release|Any CPU = Release|Any CPU
	EndGlobalSection
	GlobalSection(ProjectConfigurationPlatforms) = postSolution
		{617CCE36-28A0-49CC-BE3B-E01B789DB983}.Debug|Any CPU.ActiveCfg = Debug|Any CPU
		{617CCE36-28A0-49CC-BE3B-E01B789DB983}.Debug|Any CPU.Build.0 = Debug|Any CPU
		{617CCE36-28A0-49CC-BE3B-E01B789DB983}.Release|Any CPU.ActiveCfg = Release|Any CPU
		{617CCE36-28A0-49CC-BE3B-E01B789DB983}.Release|Any CPU.Build.0 = Release|Any CPU
	EndGlobalSection
	GlobalSection(SolutionProperties) = preSolution
		HideSolutionNode = FALSE
	EndGlobalSection
	GlobalSection(ExtensibilityGlobals) = postSolution
		SolutionGuid = {A7B9C077-0E86-4A35-8E48-85B3FDACD894}
	EndGlobalSection
EndGlobal
