
Microsoft Visual Studio Solution File, Format Version 12.00
# Visual Studio 15
VisualStudioVersion = 15.0.28307.1209
MinimumVisualStudioVersion = 10.0.40219.1
Project("{FAE04EC0-301F-11D3-BF4B-00C04F79EFBC}") = "Auturization", "Auturization\Auturization.csproj", "{52F92C91-E94F-47AF-A37D-714FFDE93672}"
EndProject
Project("{FAE04EC0-301F-11D3-BF4B-00C04F79EFBC}") = "TestProg", "TestProg\TestProg.csproj", "{30C18020-50AB-485F-A3CA-646B0E0F7CDF}"
EndProject
Project("{FAE04EC0-301F-11D3-BF4B-00C04F79EFBC}") = "MainProg", "MainProg\MainProg.csproj", "{88EFAC9F-42D1-4D64-A11C-F8C0D2301C1F}"
EndProject
Global
	GlobalSection(SolutionConfigurationPlatforms) = preSolution
		Debug|Any CPU = Debug|Any CPU
		Release|Any CPU = Release|Any CPU
	EndGlobalSection
	GlobalSection(ProjectConfigurationPlatforms) = postSolution
		{52F92C91-E94F-47AF-A37D-714FFDE93672}.Debug|Any CPU.ActiveCfg = Debug|Any CPU
		{52F92C91-E94F-47AF-A37D-714FFDE93672}.Debug|Any CPU.Build.0 = Debug|Any CPU
		{52F92C91-E94F-47AF-A37D-714FFDE93672}.Release|Any CPU.ActiveCfg = Release|Any CPU
		{52F92C91-E94F-47AF-A37D-714FFDE93672}.Release|Any CPU.Build.0 = Release|Any CPU
		{30C18020-50AB-485F-A3CA-646B0E0F7CDF}.Debug|Any CPU.ActiveCfg = Debug|Any CPU
		{30C18020-50AB-485F-A3CA-646B0E0F7CDF}.Debug|Any CPU.Build.0 = Debug|Any CPU
		{30C18020-50AB-485F-A3CA-646B0E0F7CDF}.Release|Any CPU.ActiveCfg = Release|Any CPU
		{30C18020-50AB-485F-A3CA-646B0E0F7CDF}.Release|Any CPU.Build.0 = Release|Any CPU
		{88EFAC9F-42D1-4D64-A11C-F8C0D2301C1F}.Debug|Any CPU.ActiveCfg = Debug|Any CPU
		{88EFAC9F-42D1-4D64-A11C-F8C0D2301C1F}.Debug|Any CPU.Build.0 = Debug|Any CPU
		{88EFAC9F-42D1-4D64-A11C-F8C0D2301C1F}.Release|Any CPU.ActiveCfg = Release|Any CPU
		{88EFAC9F-42D1-4D64-A11C-F8C0D2301C1F}.Release|Any CPU.Build.0 = Release|Any CPU
	EndGlobalSection
	GlobalSection(SolutionProperties) = preSolution
		HideSolutionNode = FALSE
	EndGlobalSection
	GlobalSection(ExtensibilityGlobals) = postSolution
		SolutionGuid = {99932FDE-C12F-4EE9-AA37-BA1A89EC50D3}
	EndGlobalSection
EndGlobal
