
Microsoft Visual Studio Solution File, Format Version 12.00
# Visual Studio Version 16
VisualStudioVersion = 16.0.31410.357
MinimumVisualStudioVersion = 10.0.40219.1
Project("{FAE04EC0-301F-11D3-BF4B-00C04F79EFBC}") = "1_первая_приложуха", "1_первая_приложуха\1_первая_приложуха.csproj", "{68B27030-03B5-43C7-9DC5-F9F2B214F512}"
EndProject
Global
	GlobalSection(SolutionConfigurationPlatforms) = preSolution
		Debug|Any CPU = Debug|Any CPU
		Release|Any CPU = Release|Any CPU
	EndGlobalSection
	GlobalSection(ProjectConfigurationPlatforms) = postSolution
		{68B27030-03B5-43C7-9DC5-F9F2B214F512}.Debug|Any CPU.ActiveCfg = Debug|Any CPU
		{68B27030-03B5-43C7-9DC5-F9F2B214F512}.Debug|Any CPU.Build.0 = Debug|Any CPU
		{68B27030-03B5-43C7-9DC5-F9F2B214F512}.Release|Any CPU.ActiveCfg = Release|Any CPU
		{68B27030-03B5-43C7-9DC5-F9F2B214F512}.Release|Any CPU.Build.0 = Release|Any CPU
	EndGlobalSection
	GlobalSection(SolutionProperties) = preSolution
		HideSolutionNode = FALSE
	EndGlobalSection
	GlobalSection(ExtensibilityGlobals) = postSolution
		SolutionGuid = {C0E99C7C-89A5-4684-8BC0-70A442B00E13}
	EndGlobalSection
EndGlobal
