
Microsoft Visual Studio Solution File, Format Version 12.00
# Visual Studio Version 16
VisualStudioVersion = 16.0.30406.217
MinimumVisualStudioVersion = 10.0.40219.1
Project("{FAE04EC0-301F-11D3-BF4B-00C04F79EFBC}") = "ExeptionWork", "ExeptionWork.csproj", "{311A88A6-9F27-4B9C-A29B-68C97070FE68}"
EndProject
Global
	GlobalSection(SolutionConfigurationPlatforms) = preSolution
		Debug|Any CPU = Debug|Any CPU
		Release|Any CPU = Release|Any CPU
	EndGlobalSection
	GlobalSection(ProjectConfigurationPlatforms) = postSolution
		{311A88A6-9F27-4B9C-A29B-68C97070FE68}.Debug|Any CPU.ActiveCfg = Debug|Any CPU
		{311A88A6-9F27-4B9C-A29B-68C97070FE68}.Debug|Any CPU.Build.0 = Debug|Any CPU
		{311A88A6-9F27-4B9C-A29B-68C97070FE68}.Release|Any CPU.ActiveCfg = Release|Any CPU
		{311A88A6-9F27-4B9C-A29B-68C97070FE68}.Release|Any CPU.Build.0 = Release|Any CPU
	EndGlobalSection
	GlobalSection(SolutionProperties) = preSolution
		HideSolutionNode = FALSE
	EndGlobalSection
	GlobalSection(ExtensibilityGlobals) = postSolution
		SolutionGuid = {BCBA60ED-0D13-42D8-85D5-3A0F1B81D8E7}
	EndGlobalSection
EndGlobal
