
Microsoft Visual Studio Solution File, Format Version 12.00
# Visual Studio Version 16
VisualStudioVersion = 16.0.30406.217
MinimumVisualStudioVersion = 10.0.40219.1
Project("{FAE04EC0-301F-11D3-BF4B-00C04F79EFBC}") = "10_SQL", "10_SQL\10_SQL.csproj", "{5BAB448E-E74E-4EF2-A377-07AC29AA905D}"
EndProject
Global
	GlobalSection(SolutionConfigurationPlatforms) = preSolution
		Debug|Any CPU = Debug|Any CPU
		Release|Any CPU = Release|Any CPU
	EndGlobalSection
	GlobalSection(ProjectConfigurationPlatforms) = postSolution
		{5BAB448E-E74E-4EF2-A377-07AC29AA905D}.Debug|Any CPU.ActiveCfg = Debug|Any CPU
		{5BAB448E-E74E-4EF2-A377-07AC29AA905D}.Debug|Any CPU.Build.0 = Debug|Any CPU
		{5BAB448E-E74E-4EF2-A377-07AC29AA905D}.Release|Any CPU.ActiveCfg = Release|Any CPU
		{5BAB448E-E74E-4EF2-A377-07AC29AA905D}.Release|Any CPU.Build.0 = Release|Any CPU
	EndGlobalSection
	GlobalSection(SolutionProperties) = preSolution
		HideSolutionNode = FALSE
	EndGlobalSection
	GlobalSection(ExtensibilityGlobals) = postSolution
		SolutionGuid = {2F1F2B89-03FC-4F17-8E61-2DA802A0DA67}
	EndGlobalSection
EndGlobal
