
Microsoft Visual Studio Solution File, Format Version 12.00
# Visual Studio Version 16
VisualStudioVersion = 16.0.30611.23
MinimumVisualStudioVersion = 10.0.40219.1
Project("{FAE04EC0-301F-11D3-BF4B-00C04F79EFBC}") = "16_Индексаторы_и_итераторы", "16_Индексаторы_и_итераторы\16_Индексаторы_и_итераторы.csproj", "{8D976A8A-2478-4DBF-A1B5-0071987ECA09}"
EndProject
Global
	GlobalSection(SolutionConfigurationPlatforms) = preSolution
		Debug|Any CPU = Debug|Any CPU
		Release|Any CPU = Release|Any CPU
	EndGlobalSection
	GlobalSection(ProjectConfigurationPlatforms) = postSolution
		{8D976A8A-2478-4DBF-A1B5-0071987ECA09}.Debug|Any CPU.ActiveCfg = Debug|Any CPU
		{8D976A8A-2478-4DBF-A1B5-0071987ECA09}.Debug|Any CPU.Build.0 = Debug|Any CPU
		{8D976A8A-2478-4DBF-A1B5-0071987ECA09}.Release|Any CPU.ActiveCfg = Release|Any CPU
		{8D976A8A-2478-4DBF-A1B5-0071987ECA09}.Release|Any CPU.Build.0 = Release|Any CPU
	EndGlobalSection
	GlobalSection(SolutionProperties) = preSolution
		HideSolutionNode = FALSE
	EndGlobalSection
	GlobalSection(ExtensibilityGlobals) = postSolution
		SolutionGuid = {8906394C-C00C-4BFA-B11A-D1AF1CB16061}
	EndGlobalSection
EndGlobal
