
Microsoft Visual Studio Solution File, Format Version 12.00
# Visual Studio Version 16
VisualStudioVersion = 16.0.30406.217
MinimumVisualStudioVersion = 10.0.40219.1
Project("{FAE04EC0-301F-11D3-BF4B-00C04F79EFBC}") = "1_Связный_список", "1_Связный_список\1_Связный_список.csproj", "{04D7A04D-E7B2-438E-AA00-033DEA64EC9B}"
EndProject
Global
	GlobalSection(SolutionConfigurationPlatforms) = preSolution
		Debug|Any CPU = Debug|Any CPU
		Release|Any CPU = Release|Any CPU
	EndGlobalSection
	GlobalSection(ProjectConfigurationPlatforms) = postSolution
		{04D7A04D-E7B2-438E-AA00-033DEA64EC9B}.Debug|Any CPU.ActiveCfg = Debug|Any CPU
		{04D7A04D-E7B2-438E-AA00-033DEA64EC9B}.Debug|Any CPU.Build.0 = Debug|Any CPU
		{04D7A04D-E7B2-438E-AA00-033DEA64EC9B}.Release|Any CPU.ActiveCfg = Release|Any CPU
		{04D7A04D-E7B2-438E-AA00-033DEA64EC9B}.Release|Any CPU.Build.0 = Release|Any CPU
	EndGlobalSection
	GlobalSection(SolutionProperties) = preSolution
		HideSolutionNode = FALSE
	EndGlobalSection
	GlobalSection(ExtensibilityGlobals) = postSolution
		SolutionGuid = {C7B0AACE-E95F-4DF6-A548-DA75E0A79254}
	EndGlobalSection
EndGlobal
